
Microsoft Visual Studio Solution File, Format Version 12.00
# Visual Studio Version 16
VisualStudioVersion = 16.0.30114.105
MinimumVisualStudioVersion = 10.0.40219.1
Project("{2150E333-8FDC-42A3-9474-1A3956D46DE8}") = "src", "src", "{41416541-CDEC-4022-A5F4-F734C506EFF0}"
EndProject
Project("{FAE04EC0-301F-11D3-BF4B-00C04F79EFBC}") = "BicepFlex.API", "src\api\BicepFlex.API.csproj", "{F4F6520A-8658-44F0-B77B-AFDED0F6CE2A}"
EndProject
Global
	GlobalSection(SolutionConfigurationPlatforms) = preSolution
		Debug|Any CPU = Debug|Any CPU
		Debug|x64 = Debug|x64
		Debug|x86 = Debug|x86
		Release|Any CPU = Release|Any CPU
		Release|x64 = Release|x64
		Release|x86 = Release|x86
	EndGlobalSection
	GlobalSection(SolutionProperties) = preSolution
		HideSolutionNode = FALSE
	EndGlobalSection
	GlobalSection(ProjectConfigurationPlatforms) = postSolution
		{F4F6520A-8658-44F0-B77B-AFDED0F6CE2A}.Debug|Any CPU.ActiveCfg = Debug|Any CPU
		{F4F6520A-8658-44F0-B77B-AFDED0F6CE2A}.Debug|Any CPU.Build.0 = Debug|Any CPU
		{F4F6520A-8658-44F0-B77B-AFDED0F6CE2A}.Debug|x64.ActiveCfg = Debug|Any CPU
		{F4F6520A-8658-44F0-B77B-AFDED0F6CE2A}.Debug|x64.Build.0 = Debug|Any CPU
		{F4F6520A-8658-44F0-B77B-AFDED0F6CE2A}.Debug|x86.ActiveCfg = Debug|Any CPU
		{F4F6520A-8658-44F0-B77B-AFDED0F6CE2A}.Debug|x86.Build.0 = Debug|Any CPU
		{F4F6520A-8658-44F0-B77B-AFDED0F6CE2A}.Release|Any CPU.ActiveCfg = Release|Any CPU
		{F4F6520A-8658-44F0-B77B-AFDED0F6CE2A}.Release|Any CPU.Build.0 = Release|Any CPU
		{F4F6520A-8658-44F0-B77B-AFDED0F6CE2A}.Release|x64.ActiveCfg = Release|Any CPU
		{F4F6520A-8658-44F0-B77B-AFDED0F6CE2A}.Release|x64.Build.0 = Release|Any CPU
		{F4F6520A-8658-44F0-B77B-AFDED0F6CE2A}.Release|x86.ActiveCfg = Release|Any CPU
		{F4F6520A-8658-44F0-B77B-AFDED0F6CE2A}.Release|x86.Build.0 = Release|Any CPU
	EndGlobalSection
	GlobalSection(NestedProjects) = preSolution
		{F4F6520A-8658-44F0-B77B-AFDED0F6CE2A} = {41416541-CDEC-4022-A5F4-F734C506EFF0}
	EndGlobalSection
EndGlobal
